// !$*UTF8*$!
{
	archiveVersion = 1;
	classes = {
	};
	objectVersion = 56;
	objects = {

/* Begin PBXBuildFile section */
		B10343832A66960A002ABCEE /* ApiDataFetcher.swift in Sources */ = {isa = PBXBuildFile; fileRef = B10343822A66960A002ABCEE /* ApiDataFetcher.swift */; };
		B10343862A6696AB002ABCEE /* Sku.swift in Sources */ = {isa = PBXBuildFile; fileRef = B10343852A6696AB002ABCEE /* Sku.swift */; };
		B10572562A711E91009AB033 /* Constants.swift in Sources */ = {isa = PBXBuildFile; fileRef = B10572552A711E91009AB033 /* Constants.swift */; };
		B10572582A7145DB009AB033 /* SKUConfig.swift in Sources */ = {isa = PBXBuildFile; fileRef = B10572572A7145DB009AB033 /* SKUConfig.swift */; };
		B1CA7B4D2A6E5EF2000CBA62 /* UIWindowCustom.swift in Sources */ = {isa = PBXBuildFile; fileRef = B1CA7B4C2A6E5EF2000CBA62 /* UIWindowCustom.swift */; };
		B1EF7D7A2A5EDA0D00AD011B /* AppDelegate.swift in Sources */ = {isa = PBXBuildFile; fileRef = B1EF7D792A5EDA0D00AD011B /* AppDelegate.swift */; };
		B1EF7D7C2A5EDA0D00AD011B /* SceneDelegate.swift in Sources */ = {isa = PBXBuildFile; fileRef = B1EF7D7B2A5EDA0D00AD011B /* SceneDelegate.swift */; };
		B1EF7D812A5EDA0D00AD011B /* Main.storyboard in Resources */ = {isa = PBXBuildFile; fileRef = B1EF7D7F2A5EDA0D00AD011B /* Main.storyboard */; };
		B1EF7D832A5EDA0D00AD011B /* Assets.xcassets in Resources */ = {isa = PBXBuildFile; fileRef = B1EF7D822A5EDA0D00AD011B /* Assets.xcassets */; };
		B1EF7D862A5EDA0D00AD011B /* LaunchScreen.storyboard in Resources */ = {isa = PBXBuildFile; fileRef = B1EF7D842A5EDA0D00AD011B /* LaunchScreen.storyboard */; };
		B1EF7D962A5EDE3800AD011B /* ContentView.swift in Sources */ = {isa = PBXBuildFile; fileRef = B1EF7D952A5EDE3800AD011B /* ContentView.swift */; };
/* End PBXBuildFile section */

/* Begin PBXCopyFilesBuildPhase section */
		B1EF7DA22A5EE99300AD011B /* Embed Frameworks */ = {
			isa = PBXCopyFilesBuildPhase;
			buildActionMask = 2147483647;
			dstPath = "";
			dstSubfolderSpec = 10;
			files = (
			);
			name = "Embed Frameworks";
			runOnlyForDeploymentPostprocessing = 0;
		};
/* End PBXCopyFilesBuildPhase section */

/* Begin PBXFileReference section */
		B10343822A66960A002ABCEE /* ApiDataFetcher.swift */ = {isa = PBXFileReference; lastKnownFileType = sourcecode.swift; path = ApiDataFetcher.swift; sourceTree = "<group>"; };
		B10343852A6696AB002ABCEE /* Sku.swift */ = {isa = PBXFileReference; lastKnownFileType = sourcecode.swift; path = Sku.swift; sourceTree = "<group>"; };
		B10572552A711E91009AB033 /* Constants.swift */ = {isa = PBXFileReference; lastKnownFileType = sourcecode.swift; path = Constants.swift; sourceTree = "<group>"; };
		B10572572A7145DB009AB033 /* SKUConfig.swift */ = {isa = PBXFileReference; lastKnownFileType = sourcecode.swift; path = SKUConfig.swift; sourceTree = "<group>"; };
		B1CA7B4C2A6E5EF2000CBA62 /* UIWindowCustom.swift */ = {isa = PBXFileReference; lastKnownFileType = sourcecode.swift; path = UIWindowCustom.swift; sourceTree = "<group>"; };
		B1EF7D762A5EDA0D00AD011B /* IosSdkGlamAr.app */ = {isa = PBXFileReference; explicitFileType = wrapper.application; includeInIndex = 0; path = IosSdkGlamAr.app; sourceTree = BUILT_PRODUCTS_DIR; };
		B1EF7D792A5EDA0D00AD011B /* AppDelegate.swift */ = {isa = PBXFileReference; lastKnownFileType = sourcecode.swift; path = AppDelegate.swift; sourceTree = "<group>"; };
		B1EF7D7B2A5EDA0D00AD011B /* SceneDelegate.swift */ = {isa = PBXFileReference; lastKnownFileType = sourcecode.swift; path = SceneDelegate.swift; sourceTree = "<group>"; };
		B1EF7D802A5EDA0D00AD011B /* Base */ = {isa = PBXFileReference; lastKnownFileType = file.storyboard; name = Base; path = Base.lproj/Main.storyboard; sourceTree = "<group>"; };
		B1EF7D822A5EDA0D00AD011B /* Assets.xcassets */ = {isa = PBXFileReference; lastKnownFileType = folder.assetcatalog; path = Assets.xcassets; sourceTree = "<group>"; };
		B1EF7D852A5EDA0D00AD011B /* Base */ = {isa = PBXFileReference; lastKnownFileType = file.storyboard; name = Base; path = Base.lproj/LaunchScreen.storyboard; sourceTree = "<group>"; };
		B1EF7D872A5EDA0D00AD011B /* Info.plist */ = {isa = PBXFileReference; lastKnownFileType = text.plist.xml; path = Info.plist; sourceTree = "<group>"; };
		B1EF7D952A5EDE3800AD011B /* ContentView.swift */ = {isa = PBXFileReference; lastKnownFileType = sourcecode.swift; path = ContentView.swift; sourceTree = "<group>"; };
/* End PBXFileReference section */

/* Begin PBXFrameworksBuildPhase section */
		B1EF7D732A5EDA0D00AD011B /* Frameworks */ = {
			isa = PBXFrameworksBuildPhase;
			buildActionMask = 2147483647;
			files = (
			);
			runOnlyForDeploymentPostprocessing = 0;
		};
/* End PBXFrameworksBuildPhase section */

/* Begin PBXGroup section */
		B10343842A66968F002ABCEE /* Model */ = {
			isa = PBXGroup;
			children = (
				B10343852A6696AB002ABCEE /* Sku.swift */,
				B10572572A7145DB009AB033 /* SKUConfig.swift */,
			);
			path = Model;
			sourceTree = "<group>";
		};
		B1EF7D6D2A5EDA0D00AD011B = {
			isa = PBXGroup;
			children = (
				B10343842A66968F002ABCEE /* Model */,
				B1EF7D782A5EDA0D00AD011B /* IosSdkGlamAr */,
				B1EF7D8F2A5EDDB400AD011B /* Frameworks */,
				B1EF7D772A5EDA0D00AD011B /* Products */,
			);
			sourceTree = "<group>";
		};
		B1EF7D772A5EDA0D00AD011B /* Products */ = {
			isa = PBXGroup;
			children = (
				B1EF7D762A5EDA0D00AD011B /* IosSdkGlamAr.app */,
			);
			name = Products;
			sourceTree = "<group>";
		};
		B1EF7D782A5EDA0D00AD011B /* IosSdkGlamAr */ = {
			isa = PBXGroup;
			children = (
				B1EF7D792A5EDA0D00AD011B /* AppDelegate.swift */,
				B1EF7D7B2A5EDA0D00AD011B /* SceneDelegate.swift */,
				B1EF7D7F2A5EDA0D00AD011B /* Main.storyboard */,
				B1EF7D822A5EDA0D00AD011B /* Assets.xcassets */,
				B1EF7D842A5EDA0D00AD011B /* LaunchScreen.storyboard */,
				B1EF7D872A5EDA0D00AD011B /* Info.plist */,
				B1EF7D952A5EDE3800AD011B /* ContentView.swift */,
				B10343822A66960A002ABCEE /* ApiDataFetcher.swift */,
				B1CA7B4C2A6E5EF2000CBA62 /* UIWindowCustom.swift */,
				B10572552A711E91009AB033 /* Constants.swift */,
			);
			path = IosSdkGlamAr;
			sourceTree = "<group>";
		};
		B1EF7D8F2A5EDDB400AD011B /* Frameworks */ = {
			isa = PBXGroup;
			children = (
			);
			name = Frameworks;
			sourceTree = "<group>";
		};
/* End PBXGroup section */

/* Begin PBXNativeTarget section */
		B1EF7D752A5EDA0D00AD011B /* IosSdkGlamAr */ = {
			isa = PBXNativeTarget;
			buildConfigurationList = B1EF7D8A2A5EDA0D00AD011B /* Build configuration list for PBXNativeTarget "IosSdkGlamAr" */;
			buildPhases = (
				B1EF7D722A5EDA0D00AD011B /* Sources */,
				B1EF7D732A5EDA0D00AD011B /* Frameworks */,
				B1EF7D742A5EDA0D00AD011B /* Resources */,
				B1EF7DA22A5EE99300AD011B /* Embed Frameworks */,
			);
			buildRules = (
			);
			dependencies = (
			);
			name = IosSdkGlamAr;
			productName = IosSdkGlamAr;
			productReference = B1EF7D762A5EDA0D00AD011B /* IosSdkGlamAr.app */;
			productType = "com.apple.product-type.application";
		};
/* End PBXNativeTarget section */

/* Begin PBXProject section */
		B1EF7D6E2A5EDA0D00AD011B /* Project object */ = {
			isa = PBXProject;
			attributes = {
				BuildIndependentTargetsInParallel = 1;
				LastSwiftUpdateCheck = 1430;
				LastUpgradeCheck = 1430;
				TargetAttributes = {
					B1EF7D752A5EDA0D00AD011B = {
						CreatedOnToolsVersion = 14.3.1;
						LastSwiftMigration = 1430;
					};
				};
			};
			buildConfigurationList = B1EF7D712A5EDA0D00AD011B /* Build configuration list for PBXProject "IosSdkGlamAr" */;
			compatibilityVersion = "Xcode 14.0";
			developmentRegion = en;
			hasScannedForEncodings = 0;
			knownRegions = (
				en,
				Base,
			);
			mainGroup = B1EF7D6D2A5EDA0D00AD011B;
			productRefGroup = B1EF7D772A5EDA0D00AD011B /* Products */;
			projectDirPath = "";
			projectRoot = "";
			targets = (
				B1EF7D752A5EDA0D00AD011B /* IosSdkGlamAr */,
			);
		};
/* End PBXProject section */

/* Begin PBXResourcesBuildPhase section */
		B1EF7D742A5EDA0D00AD011B /* Resources */ = {
			isa = PBXResourcesBuildPhase;
			buildActionMask = 2147483647;
			files = (
				B1EF7D862A5EDA0D00AD011B /* LaunchScreen.storyboard in Resources */,
				B1EF7D832A5EDA0D00AD011B /* Assets.xcassets in Resources */,
				B1EF7D812A5EDA0D00AD011B /* Main.storyboard in Resources */,
			);
			runOnlyForDeploymentPostprocessing = 0;
		};
/* End PBXResourcesBuildPhase section */

/* Begin PBXSourcesBuildPhase section */
		B1EF7D722A5EDA0D00AD011B /* Sources */ = {
			isa = PBXSourcesBuildPhase;
			buildActionMask = 2147483647;
			files = (
				B1EF7D7A2A5EDA0D00AD011B /* AppDelegate.swift in Sources */,
				B1EF7D962A5EDE3800AD011B /* ContentView.swift in Sources */,
				B10343832A66960A002ABCEE /* ApiDataFetcher.swift in Sources */,
				B10572582A7145DB009AB033 /* SKUConfig.swift in Sources */,
				B1EF7D7C2A5EDA0D00AD011B /* SceneDelegate.swift in Sources */,
				B1CA7B4D2A6E5EF2000CBA62 /* UIWindowCustom.swift in Sources */,
				B10343862A6696AB002ABCEE /* Sku.swift in Sources */,
				B10572562A711E91009AB033 /* Constants.swift in Sources */,
			);
			runOnlyForDeploymentPostprocessing = 0;
		};
/* End PBXSourcesBuildPhase section */

/* Begin PBXVariantGroup section */
		B1EF7D7F2A5EDA0D00AD011B /* Main.storyboard */ = {
			isa = PBXVariantGroup;
			children = (
				B1EF7D802A5EDA0D00AD011B /* Base */,
			);
			name = Main.storyboard;
			sourceTree = "<group>";
		};
		B1EF7D842A5EDA0D00AD011B /* LaunchScreen.storyboard */ = {
			isa = PBXVariantGroup;
			children = (
				B1EF7D852A5EDA0D00AD011B /* Base */,
			);
			name = LaunchScreen.storyboard;
			sourceTree = "<group>";
		};
/* End PBXVariantGroup section */

/* Begin XCBuildConfiguration section */
		B1EF7D882A5EDA0D00AD011B /* Debug */ = {
			isa = XCBuildConfiguration;
			buildSettings = {
				ALWAYS_SEARCH_USER_PATHS = YES;
				CLANG_ANALYZER_NONNULL = YES;
				CLANG_ANALYZER_NUMBER_OBJECT_CONVERSION = YES_AGGRESSIVE;
				CLANG_CXX_LANGUAGE_STANDARD = "gnu++20";
				CLANG_ENABLE_MODULES = YES;
				CLANG_ENABLE_OBJC_ARC = YES;
				CLANG_ENABLE_OBJC_WEAK = YES;
				CLANG_WARN_BLOCK_CAPTURE_AUTORELEASING = YES;
				CLANG_WARN_BOOL_CONVERSION = YES;
				CLANG_WARN_COMMA = YES;
				CLANG_WARN_CONSTANT_CONVERSION = YES;
				CLANG_WARN_DEPRECATED_OBJC_IMPLEMENTATIONS = YES;
				CLANG_WARN_DIRECT_OBJC_ISA_USAGE = YES_ERROR;
				CLANG_WARN_DOCUMENTATION_COMMENTS = YES;
				CLANG_WARN_EMPTY_BODY = YES;
				CLANG_WARN_ENUM_CONVERSION = YES;
				CLANG_WARN_INFINITE_RECURSION = YES;
				CLANG_WARN_INT_CONVERSION = YES;
				CLANG_WARN_NON_LITERAL_NULL_CONVERSION = YES;
				CLANG_WARN_OBJC_IMPLICIT_RETAIN_SELF = YES;
				CLANG_WARN_OBJC_LITERAL_CONVERSION = YES;
				CLANG_WARN_OBJC_ROOT_CLASS = YES_ERROR;
				CLANG_WARN_QUOTED_INCLUDE_IN_FRAMEWORK_HEADER = YES;
				CLANG_WARN_RANGE_LOOP_ANALYSIS = YES;
				CLANG_WARN_STRICT_PROTOTYPES = YES;
				CLANG_WARN_SUSPICIOUS_MOVE = YES;
				CLANG_WARN_UNGUARDED_AVAILABILITY = YES_AGGRESSIVE;
				CLANG_WARN_UNREACHABLE_CODE = YES;
				CLANG_WARN__DUPLICATE_METHOD_MATCH = YES;
				COPY_PHASE_STRIP = NO;
				DEBUG_INFORMATION_FORMAT = dwarf;
				ENABLE_STRICT_OBJC_MSGSEND = YES;
				ENABLE_TESTABILITY = YES;
				GCC_C_LANGUAGE_STANDARD = gnu11;
				GCC_DYNAMIC_NO_PIC = NO;
				GCC_NO_COMMON_BLOCKS = NO;
				GCC_OPTIMIZATION_LEVEL = 0;
				GCC_PREPROCESSOR_DEFINITIONS = (
					"DEBUG=1",
					"$(inherited)",
				);
				GCC_WARN_64_TO_32_BIT_CONVERSION = YES;
				GCC_WARN_ABOUT_RETURN_TYPE = YES_ERROR;
				GCC_WARN_UNDECLARED_SELECTOR = YES;
				GCC_WARN_UNINITIALIZED_AUTOS = YES_AGGRESSIVE;
				GCC_WARN_UNUSED_FUNCTION = YES;
				GCC_WARN_UNUSED_VARIABLE = YES;
				IPHONEOS_DEPLOYMENT_TARGET = 16.4;
				LD_RUNPATH_SEARCH_PATHS = "@executable_path/Frameworks";
				MTL_ENABLE_DEBUG_INFO = INCLUDE_SOURCE;
				MTL_FAST_MATH = YES;
				ONLY_ACTIVE_ARCH = YES;
				SDKROOT = iphoneos;
				SWIFT_ACTIVE_COMPILATION_CONDITIONS = DEBUG;
				SWIFT_OPTIMIZATION_LEVEL = "-Onone";
			};
			name = Debug;
		};
		B1EF7D892A5EDA0D00AD011B /* Release */ = {
			isa = XCBuildConfiguration;
			buildSettings = {
				ALWAYS_SEARCH_USER_PATHS = YES;
				CLANG_ANALYZER_NONNULL = YES;
				CLANG_ANALYZER_NUMBER_OBJECT_CONVERSION = YES_AGGRESSIVE;
				CLANG_CXX_LANGUAGE_STANDARD = "gnu++20";
				CLANG_ENABLE_MODULES = YES;
				CLANG_ENABLE_OBJC_ARC = YES;
				CLANG_ENABLE_OBJC_WEAK = YES;
				CLANG_WARN_BLOCK_CAPTURE_AUTORELEASING = YES;
				CLANG_WARN_BOOL_CONVERSION = YES;
				CLANG_WARN_COMMA = YES;
				CLANG_WARN_CONSTANT_CONVERSION = YES;
				CLANG_WARN_DEPRECATED_OBJC_IMPLEMENTATIONS = YES;
				CLANG_WARN_DIRECT_OBJC_ISA_USAGE = YES_ERROR;
				CLANG_WARN_DOCUMENTATION_COMMENTS = YES;
				CLANG_WARN_EMPTY_BODY = YES;
				CLANG_WARN_ENUM_CONVERSION = YES;
				CLANG_WARN_INFINITE_RECURSION = YES;
				CLANG_WARN_INT_CONVERSION = YES;
				CLANG_WARN_NON_LITERAL_NULL_CONVERSION = YES;
				CLANG_WARN_OBJC_IMPLICIT_RETAIN_SELF = YES;
				CLANG_WARN_OBJC_LITERAL_CONVERSION = YES;
				CLANG_WARN_OBJC_ROOT_CLASS = YES_ERROR;
				CLANG_WARN_QUOTED_INCLUDE_IN_FRAMEWORK_HEADER = YES;
				CLANG_WARN_RANGE_LOOP_ANALYSIS = YES;
				CLANG_WARN_STRICT_PROTOTYPES = YES;
				CLANG_WARN_SUSPICIOUS_MOVE = YES;
				CLANG_WARN_UNGUARDED_AVAILABILITY = YES_AGGRESSIVE;
				CLANG_WARN_UNREACHABLE_CODE = YES;
				CLANG_WARN__DUPLICATE_METHOD_MATCH = YES;
				COPY_PHASE_STRIP = NO;
				DEBUG_INFORMATION_FORMAT = "dwarf-with-dsym";
				ENABLE_NS_ASSERTIONS = NO;
				ENABLE_STRICT_OBJC_MSGSEND = YES;
				GCC_C_LANGUAGE_STANDARD = gnu11;
				GCC_NO_COMMON_BLOCKS = NO;
				GCC_WARN_64_TO_32_BIT_CONVERSION = YES;
				GCC_WARN_ABOUT_RETURN_TYPE = YES_ERROR;
				GCC_WARN_UNDECLARED_SELECTOR = YES;
				GCC_WARN_UNINITIALIZED_AUTOS = YES_AGGRESSIVE;
				GCC_WARN_UNUSED_FUNCTION = YES;
				GCC_WARN_UNUSED_VARIABLE = YES;
				IPHONEOS_DEPLOYMENT_TARGET = 16.4;
				LD_RUNPATH_SEARCH_PATHS = "@executable_path/Frameworks";
				MTL_ENABLE_DEBUG_INFO = NO;
				MTL_FAST_MATH = YES;
				SDKROOT = iphoneos;
				SWIFT_COMPILATION_MODE = wholemodule;
				SWIFT_OPTIMIZATION_LEVEL = "-O";
				VALIDATE_PRODUCT = YES;
			};
			name = Release;
		};
		B1EF7D8B2A5EDA0D00AD011B /* Debug */ = {
			isa = XCBuildConfiguration;
			buildSettings = {
				ASSETCATALOG_COMPILER_APPICON_NAME = AppIcon;
				ASSETCATALOG_COMPILER_GLOBAL_ACCENT_COLOR_NAME = AccentColor;
				CLANG_ENABLE_MODULES = YES;
				CODE_SIGN_IDENTITY = "Apple Development";
				CODE_SIGN_STYLE = Automatic;
				CURRENT_PROJECT_VERSION = 1;
				DEVELOPMENT_TEAM = ULN665S3JH;
				FRAMEWORK_SEARCH_PATHS = "";
				GENERATE_INFOPLIST_FILE = YES;
				INFOPLIST_FILE = IosSdkGlamAr/Info.plist;
				INFOPLIST_KEY_NSCameraUsageDescription = "Allow for taking photos";
				INFOPLIST_KEY_UIApplicationSupportsIndirectInputEvents = YES;
				INFOPLIST_KEY_UILaunchStoryboardName = LaunchScreen;
				INFOPLIST_KEY_UIMainStoryboardFile = Main;
				INFOPLIST_KEY_UISupportedInterfaceOrientations_iPad = "UIInterfaceOrientationPortrait UIInterfaceOrientationPortraitUpsideDown UIInterfaceOrientationLandscapeLeft UIInterfaceOrientationLandscapeRight";
				INFOPLIST_KEY_UISupportedInterfaceOrientations_iPhone = "UIInterfaceOrientationPortrait UIInterfaceOrientationLandscapeLeft UIInterfaceOrientationLandscapeRight";
				IPHONEOS_DEPLOYMENT_TARGET = 13;
				LD_RUNPATH_SEARCH_PATHS = (
					"$(inherited)",
					"@executable_path/Frameworks",
				);
				MARKETING_VERSION = 1.0;
				PRODUCT_BUNDLE_IDENTIFIER = com.fynd.glamarioss;
				PRODUCT_NAME = "$(TARGET_NAME)";
				PROVISIONING_PROFILE_SPECIFIER = "";
				SWIFT_EMIT_LOC_STRINGS = YES;
				SWIFT_OBJC_BRIDGING_HEADER = "";
				SWIFT_OPTIMIZATION_LEVEL = "-Onone";
				SWIFT_VERSION = 5.0;
				TARGETED_DEVICE_FAMILY = "1,2";
			};
			name = Debug;
		};
		B1EF7D8C2A5EDA0D00AD011B /* Release */ = {
			isa = XCBuildConfiguration;
			buildSettings = {
				ASSETCATALOG_COMPILER_APPICON_NAME = AppIcon;
				ASSETCATALOG_COMPILER_GLOBAL_ACCENT_COLOR_NAME = AccentColor;
				CLANG_ENABLE_MODULES = YES;
				CODE_SIGN_IDENTITY = "Apple Development";
				CODE_SIGN_STYLE = Automatic;
				CURRENT_PROJECT_VERSION = 1;
				DEVELOPMENT_TEAM = ULN665S3JH;
				FRAMEWORK_SEARCH_PATHS = "";
				GENERATE_INFOPLIST_FILE = YES;
				INFOPLIST_FILE = IosSdkGlamAr/Info.plist;
				INFOPLIST_KEY_NSCameraUsageDescription = "Allow for taking photos";
				INFOPLIST_KEY_UIApplicationSupportsIndirectInputEvents = YES;
				INFOPLIST_KEY_UILaunchStoryboardName = LaunchScreen;
				INFOPLIST_KEY_UIMainStoryboardFile = Main;
				INFOPLIST_KEY_UISupportedInterfaceOrientations_iPad = "UIInterfaceOrientationPortrait UIInterfaceOrientationPortraitUpsideDown UIInterfaceOrientationLandscapeLeft UIInterfaceOrientationLandscapeRight";
				INFOPLIST_KEY_UISupportedInterfaceOrientations_iPhone = "UIInterfaceOrientationPortrait UIInterfaceOrientationLandscapeLeft UIInterfaceOrientationLandscapeRight";
				IPHONEOS_DEPLOYMENT_TARGET = 13;
				LD_RUNPATH_SEARCH_PATHS = (
					"$(inherited)",
					"@executable_path/Frameworks",
				);
				MARKETING_VERSION = 1.0;
				PRODUCT_BUNDLE_IDENTIFIER = com.fynd.glamarioss;
				PRODUCT_NAME = "$(TARGET_NAME)";
				PROVISIONING_PROFILE_SPECIFIER = "";
				SWIFT_EMIT_LOC_STRINGS = YES;
				SWIFT_OBJC_BRIDGING_HEADER = "";
				SWIFT_VERSION = 5.0;
				TARGETED_DEVICE_FAMILY = "1,2";
			};
			name = Release;
		};
/* End XCBuildConfiguration section */

/* Begin XCConfigurationList section */
		B1EF7D712A5EDA0D00AD011B /* Build configuration list for PBXProject "IosSdkGlamAr" */ = {
			isa = XCConfigurationList;
			buildConfigurations = (
				B1EF7D882A5EDA0D00AD011B /* Debug */,
				B1EF7D892A5EDA0D00AD011B /* Release */,
			);
			defaultConfigurationIsVisible = 0;
			defaultConfigurationName = Release;
		};
		B1EF7D8A2A5EDA0D00AD011B /* Build configuration list for PBXNativeTarget "IosSdkGlamAr" */ = {
			isa = XCConfigurationList;
			buildConfigurations = (
				B1EF7D8B2A5EDA0D00AD011B /* Debug */,
				B1EF7D8C2A5EDA0D00AD011B /* Release */,
			);
			defaultConfigurationIsVisible = 0;
			defaultConfigurationName = Release;
		};
/* End XCConfigurationList section */
	};
	rootObject = B1EF7D6E2A5EDA0D00AD011B /* Project object */;
}
